
Microsoft Visual Studio Solution File, Format Version 12.00
# Visual Studio Version 17
VisualStudioVersion = 17.5.33103.201
MinimumVisualStudioVersion = 10.0.40219.1
Project("{FAE04EC0-301F-11D3-BF4B-00C04F79EFBC}") = "FirstSpeechApp", "FirstSpeechApp\FirstSpeechApp.csproj", "{52D49F1D-3FF8-4EF9-9D28-FBEFDB4FD243}"
EndProject
Global
	GlobalSection(SolutionConfigurationPlatforms) = preSolution
		Debug|Any CPU = Debug|Any CPU
		Release|Any CPU = Release|Any CPU
	EndGlobalSection
	GlobalSection(ProjectConfigurationPlatforms) = postSolution
		{52D49F1D-3FF8-4EF9-9D28-FBEFDB4FD243}.Debug|Any CPU.ActiveCfg = Debug|Any CPU
		{52D49F1D-3FF8-4EF9-9D28-FBEFDB4FD243}.Debug|Any CPU.Build.0 = Debug|Any CPU
		{52D49F1D-3FF8-4EF9-9D28-FBEFDB4FD243}.Release|Any CPU.ActiveCfg = Release|Any CPU
		{52D49F1D-3FF8-4EF9-9D28-FBEFDB4FD243}.Release|Any CPU.Build.0 = Release|Any CPU
	EndGlobalSection
	GlobalSection(SolutionProperties) = preSolution
		HideSolutionNode = FALSE
	EndGlobalSection
	GlobalSection(ExtensibilityGlobals) = postSolution
		SolutionGuid = {5D0DBEA0-D5C3-47EA-B27B-8EDD85273680}
	EndGlobalSection
EndGlobal
